
Microsoft Visual Studio Solution File, Format Version 12.00
Project("{FAE04EC0-301F-11D3-BF4B-00C04F79EFBC}") = "NineChronicles.Snapshot", "NineChronicles.Snapshot\NineChronicles.Snapshot.csproj", "{C37DC105-FF05-47B4-9C2A-256072E8057C}"
EndProject
Global
	GlobalSection(SolutionConfigurationPlatforms) = preSolution
		Debug|Any CPU = Debug|Any CPU
		Release|Any CPU = Release|Any CPU
	EndGlobalSection
	GlobalSection(ProjectConfigurationPlatforms) = postSolution
		{C37DC105-FF05-47B4-9C2A-256072E8057C}.Debug|Any CPU.ActiveCfg = Debug|Any CPU
		{C37DC105-FF05-47B4-9C2A-256072E8057C}.Debug|Any CPU.Build.0 = Debug|Any CPU
		{C37DC105-FF05-47B4-9C2A-256072E8057C}.Release|Any CPU.ActiveCfg = Release|Any CPU
		{C37DC105-FF05-47B4-9C2A-256072E8057C}.Release|Any CPU.Build.0 = Release|Any CPU
	EndGlobalSection
EndGlobal
